
Microsoft Visual Studio Solution File, Format Version 12.00
# Visual Studio Version 16
VisualStudioVersion = 16.0.32510.428
MinimumVisualStudioVersion = 10.0.40219.1
Project("{FAE04EC0-301F-11D3-BF4B-00C04F79EFBC}") = "LandmarkAI", "LandmarkAI\LandmarkAI.csproj", "{7B44BAF3-2C5B-40A3-8C56-BA8E86768FEB}"
EndProject
Global
	GlobalSection(SolutionConfigurationPlatforms) = preSolution
		Debug|Any CPU = Debug|Any CPU
		Release|Any CPU = Release|Any CPU
	EndGlobalSection
	GlobalSection(ProjectConfigurationPlatforms) = postSolution
		{7B44BAF3-2C5B-40A3-8C56-BA8E86768FEB}.Debug|Any CPU.ActiveCfg = Debug|Any CPU
		{7B44BAF3-2C5B-40A3-8C56-BA8E86768FEB}.Debug|Any CPU.Build.0 = Debug|Any CPU
		{7B44BAF3-2C5B-40A3-8C56-BA8E86768FEB}.Release|Any CPU.ActiveCfg = Release|Any CPU
		{7B44BAF3-2C5B-40A3-8C56-BA8E86768FEB}.Release|Any CPU.Build.0 = Release|Any CPU
	EndGlobalSection
	GlobalSection(SolutionProperties) = preSolution
		HideSolutionNode = FALSE
	EndGlobalSection
	GlobalSection(ExtensibilityGlobals) = postSolution
		SolutionGuid = {3D309B9E-5B12-41D2-A166-8A7751E70879}
	EndGlobalSection
EndGlobal
