
Microsoft Visual Studio Solution File, Format Version 12.00
# Visual Studio Version 16
VisualStudioVersion = 16.0.32510.428
MinimumVisualStudioVersion = 10.0.40219.1
Project("{9A19103F-16F7-4668-BE54-9A1E7A4F7556}") = "SortedList", "SortedList\SortedList.csproj", "{9700789F-0D56-42CF-B7E2-2C45E42DAD29}"
EndProject
Project("{9A19103F-16F7-4668-BE54-9A1E7A4F7556}") = "SortedDictionary", "SortedDictionary\SortedDictionary.csproj", "{0A9C2D09-5CBF-4B2E-84E2-BED78722F8C5}"
EndProject
Project("{9A19103F-16F7-4668-BE54-9A1E7A4F7556}") = "SortedSet", "SortedSet\SortedSet.csproj", "{688CCC6B-9292-4507-BAB3-DD1583E82821}"
EndProject
Project("{9A19103F-16F7-4668-BE54-9A1E7A4F7556}") = "ArrayMultidimensional", "ArrayMultidimensional\ArrayMultidimensional.csproj", "{56CC4861-F172-4238-9AAD-A1F0FE56A7F7}"
EndProject
Project("{9A19103F-16F7-4668-BE54-9A1E7A4F7556}") = "JaggedArray", "JaggedArray\JaggedArray.csproj", "{C38E01D1-70A8-4BE3-88E5-09E730E894D8}"
EndProject
Project("{9A19103F-16F7-4668-BE54-9A1E7A4F7556}") = "ConsultandoCollections", "ConsultandoCollections\ConsultandoCollections.csproj", "{51085478-4AE7-4F90-AC8B-5A46EBE2A3FE}"
EndProject
Project("{9A19103F-16F7-4668-BE54-9A1E7A4F7556}") = "OutrosOperadoresLINQ", "OutrosOperadoresLINQ\OutrosOperadoresLINQ.csproj", "{BA76E350-75C7-4279-AE73-011002CB2C39}"
EndProject
Project("{9A19103F-16F7-4668-BE54-9A1E7A4F7556}") = "OperadoresDeConjuntos", "OperadoresDeConjuntos\OperadoresDeConjuntos.csproj", "{B1AA2250-C48E-4DFB-9756-682066787843}"
EndProject
Project("{FAE04EC0-301F-11D3-BF4B-00C04F79EFBC}") = "Covariancia", "Covariancia\Covariancia.csproj", "{A6029F86-1CAE-4A99-B2EE-C100D33A697F}"
EndProject
Project("{FAE04EC0-301F-11D3-BF4B-00C04F79EFBC}") = "Foreach", "Foreach\Foreach.csproj", "{23AFDFD8-79EF-40E1-AB15-7BE221D2B028}"
EndProject
Global
	GlobalSection(SolutionConfigurationPlatforms) = preSolution
		Debug|Any CPU = Debug|Any CPU
		Release|Any CPU = Release|Any CPU
	EndGlobalSection
	GlobalSection(ProjectConfigurationPlatforms) = postSolution
		{9700789F-0D56-42CF-B7E2-2C45E42DAD29}.Debug|Any CPU.ActiveCfg = Debug|Any CPU
		{9700789F-0D56-42CF-B7E2-2C45E42DAD29}.Debug|Any CPU.Build.0 = Debug|Any CPU
		{9700789F-0D56-42CF-B7E2-2C45E42DAD29}.Release|Any CPU.ActiveCfg = Release|Any CPU
		{9700789F-0D56-42CF-B7E2-2C45E42DAD29}.Release|Any CPU.Build.0 = Release|Any CPU
		{0A9C2D09-5CBF-4B2E-84E2-BED78722F8C5}.Debug|Any CPU.ActiveCfg = Debug|Any CPU
		{0A9C2D09-5CBF-4B2E-84E2-BED78722F8C5}.Debug|Any CPU.Build.0 = Debug|Any CPU
		{0A9C2D09-5CBF-4B2E-84E2-BED78722F8C5}.Release|Any CPU.ActiveCfg = Release|Any CPU
		{0A9C2D09-5CBF-4B2E-84E2-BED78722F8C5}.Release|Any CPU.Build.0 = Release|Any CPU
		{688CCC6B-9292-4507-BAB3-DD1583E82821}.Debug|Any CPU.ActiveCfg = Debug|Any CPU
		{688CCC6B-9292-4507-BAB3-DD1583E82821}.Debug|Any CPU.Build.0 = Debug|Any CPU
		{688CCC6B-9292-4507-BAB3-DD1583E82821}.Release|Any CPU.ActiveCfg = Release|Any CPU
		{688CCC6B-9292-4507-BAB3-DD1583E82821}.Release|Any CPU.Build.0 = Release|Any CPU
		{56CC4861-F172-4238-9AAD-A1F0FE56A7F7}.Debug|Any CPU.ActiveCfg = Debug|Any CPU
		{56CC4861-F172-4238-9AAD-A1F0FE56A7F7}.Debug|Any CPU.Build.0 = Debug|Any CPU
		{56CC4861-F172-4238-9AAD-A1F0FE56A7F7}.Release|Any CPU.ActiveCfg = Release|Any CPU
		{56CC4861-F172-4238-9AAD-A1F0FE56A7F7}.Release|Any CPU.Build.0 = Release|Any CPU
		{C38E01D1-70A8-4BE3-88E5-09E730E894D8}.Debug|Any CPU.ActiveCfg = Debug|Any CPU
		{C38E01D1-70A8-4BE3-88E5-09E730E894D8}.Debug|Any CPU.Build.0 = Debug|Any CPU
		{C38E01D1-70A8-4BE3-88E5-09E730E894D8}.Release|Any CPU.ActiveCfg = Release|Any CPU
		{C38E01D1-70A8-4BE3-88E5-09E730E894D8}.Release|Any CPU.Build.0 = Release|Any CPU
		{51085478-4AE7-4F90-AC8B-5A46EBE2A3FE}.Debug|Any CPU.ActiveCfg = Debug|Any CPU
		{51085478-4AE7-4F90-AC8B-5A46EBE2A3FE}.Debug|Any CPU.Build.0 = Debug|Any CPU
		{51085478-4AE7-4F90-AC8B-5A46EBE2A3FE}.Release|Any CPU.ActiveCfg = Release|Any CPU
		{51085478-4AE7-4F90-AC8B-5A46EBE2A3FE}.Release|Any CPU.Build.0 = Release|Any CPU
		{BA76E350-75C7-4279-AE73-011002CB2C39}.Debug|Any CPU.ActiveCfg = Debug|Any CPU
		{BA76E350-75C7-4279-AE73-011002CB2C39}.Debug|Any CPU.Build.0 = Debug|Any CPU
		{BA76E350-75C7-4279-AE73-011002CB2C39}.Release|Any CPU.ActiveCfg = Release|Any CPU
		{BA76E350-75C7-4279-AE73-011002CB2C39}.Release|Any CPU.Build.0 = Release|Any CPU
		{B1AA2250-C48E-4DFB-9756-682066787843}.Debug|Any CPU.ActiveCfg = Debug|Any CPU
		{B1AA2250-C48E-4DFB-9756-682066787843}.Debug|Any CPU.Build.0 = Debug|Any CPU
		{B1AA2250-C48E-4DFB-9756-682066787843}.Release|Any CPU.ActiveCfg = Release|Any CPU
		{B1AA2250-C48E-4DFB-9756-682066787843}.Release|Any CPU.Build.0 = Release|Any CPU
		{A6029F86-1CAE-4A99-B2EE-C100D33A697F}.Debug|Any CPU.ActiveCfg = Debug|Any CPU
		{A6029F86-1CAE-4A99-B2EE-C100D33A697F}.Debug|Any CPU.Build.0 = Debug|Any CPU
		{A6029F86-1CAE-4A99-B2EE-C100D33A697F}.Release|Any CPU.ActiveCfg = Release|Any CPU
		{A6029F86-1CAE-4A99-B2EE-C100D33A697F}.Release|Any CPU.Build.0 = Release|Any CPU
		{23AFDFD8-79EF-40E1-AB15-7BE221D2B028}.Debug|Any CPU.ActiveCfg = Debug|Any CPU
		{23AFDFD8-79EF-40E1-AB15-7BE221D2B028}.Debug|Any CPU.Build.0 = Debug|Any CPU
		{23AFDFD8-79EF-40E1-AB15-7BE221D2B028}.Release|Any CPU.ActiveCfg = Release|Any CPU
		{23AFDFD8-79EF-40E1-AB15-7BE221D2B028}.Release|Any CPU.Build.0 = Release|Any CPU
	EndGlobalSection
	GlobalSection(SolutionProperties) = preSolution
		HideSolutionNode = FALSE
	EndGlobalSection
	GlobalSection(ExtensibilityGlobals) = postSolution
		SolutionGuid = {13655005-51C6-4049-8274-CC5D5BB77B91}
	EndGlobalSection
EndGlobal
